# THIS IS AN AUTOGENERATED FILE. DO NOT EDIT THIS FILE DIRECTLY.
# yarn lockfile v1


markdown-it-include@^2.0.0:
  version "2.0.0"
  resolved "https://registry.npmmirror.com/markdown-it-include/-/markdown-it-include-2.0.0.tgz#e86e3b3c68c8f0e0437e179ba919ffd28443127a"
  integrity sha512-wfgIX92ZEYahYWiCk6Jx36XmHvAimeHN420csOWgfyZjpf171Y0xREqZWcm/Rwjzyd0RLYryY+cbNmrkYW2MDw==
